
Microsoft Visual Studio Solution File, Format Version 12.00
# Visual Studio Version 16
VisualStudioVersion = 16.0.30717.126
MinimumVisualStudioVersion = 10.0.40219.1
Project("{FAE04EC0-301F-11D3-BF4B-00C04F79EFBC}") = "ch03-random", "ch03-random\ch03-random.csproj", "{606A66C4-BDA4-49DA-8EB2-62BFB14AB687}"
EndProject
Global
	GlobalSection(SolutionConfigurationPlatforms) = preSolution
		Debug|Any CPU = Debug|Any CPU
		Release|Any CPU = Release|Any CPU
	EndGlobalSection
	GlobalSection(ProjectConfigurationPlatforms) = postSolution
		{606A66C4-BDA4-49DA-8EB2-62BFB14AB687}.Debug|Any CPU.ActiveCfg = Debug|Any CPU
		{606A66C4-BDA4-49DA-8EB2-62BFB14AB687}.Debug|Any CPU.Build.0 = Debug|Any CPU
		{606A66C4-BDA4-49DA-8EB2-62BFB14AB687}.Release|Any CPU.ActiveCfg = Release|Any CPU
		{606A66C4-BDA4-49DA-8EB2-62BFB14AB687}.Release|Any CPU.Build.0 = Release|Any CPU
	EndGlobalSection
	GlobalSection(SolutionProperties) = preSolution
		HideSolutionNode = FALSE
	EndGlobalSection
	GlobalSection(ExtensibilityGlobals) = postSolution
		SolutionGuid = {DD63EE4F-18A6-41A8-B218-A477E5EAA6AE}
	EndGlobalSection
EndGlobal
